// !$*UTF8*$!
{
	archiveVersion = 1;
	classes = {
	};
	objectVersion = 56;
	objects = {

/* Begin PBXBuildFile section */
		1F177A5C29071CBB00CA0B0F /* CreatureDto.swift in Sources */ = {isa = PBXBuildFile; fileRef = 1F177A5B29071CBB00CA0B0F /* CreatureDto.swift */; };
		1F177A6129072F6600CA0B0F /* Enums.swift in Sources */ = {isa = PBXBuildFile; fileRef = 1F177A6029072F6600CA0B0F /* Enums.swift */; };
		1F177A63290733BC00CA0B0F /* PeopleDto.swift in Sources */ = {isa = PBXBuildFile; fileRef = 1F177A62290733BC00CA0B0F /* PeopleDto.swift */; };
		1F177A65290740B700CA0B0F /* AnimalDto.swift in Sources */ = {isa = PBXBuildFile; fileRef = 1F177A64290740B700CA0B0F /* AnimalDto.swift */; };
		1F3733412905B3B100192F4D /* Kids_And_MeApp.swift in Sources */ = {isa = PBXBuildFile; fileRef = 1F3733402905B3B100192F4D /* Kids_And_MeApp.swift */; };
		1F3733432905B3B100192F4D /* ContentView.swift in Sources */ = {isa = PBXBuildFile; fileRef = 1F3733422905B3B100192F4D /* ContentView.swift */; };
		1F3733452905B3B200192F4D /* Assets.xcassets in Resources */ = {isa = PBXBuildFile; fileRef = 1F3733442905B3B200192F4D /* Assets.xcassets */; };
		1F3733482905B3B200192F4D /* Preview Assets.xcassets in Resources */ = {isa = PBXBuildFile; fileRef = 1F3733472905B3B200192F4D /* Preview Assets.xcassets */; };
		1F3733522905B3B200192F4D /* Kids_And_MeTests.swift in Sources */ = {isa = PBXBuildFile; fileRef = 1F3733512905B3B200192F4D /* Kids_And_MeTests.swift */; };
		1F37335C2905B3B200192F4D /* Kids_And_MeUITests.swift in Sources */ = {isa = PBXBuildFile; fileRef = 1F37335B2905B3B200192F4D /* Kids_And_MeUITests.swift */; };
		1F37335E2905B3B200192F4D /* Kids_And_MeUITestsLaunchTests.swift in Sources */ = {isa = PBXBuildFile; fileRef = 1F37335D2905B3B200192F4D /* Kids_And_MeUITestsLaunchTests.swift */; };
/* End PBXBuildFile section */

/* Begin PBXContainerItemProxy section */
		1F37334E2905B3B200192F4D /* PBXContainerItemProxy */ = {
			isa = PBXContainerItemProxy;
			containerPortal = 1F3733352905B3B100192F4D /* Project object */;
			proxyType = 1;
			remoteGlobalIDString = 1F37333C2905B3B100192F4D;
			remoteInfo = "Kids And Me";
		};
		1F3733582905B3B200192F4D /* PBXContainerItemProxy */ = {
			isa = PBXContainerItemProxy;
			containerPortal = 1F3733352905B3B100192F4D /* Project object */;
			proxyType = 1;
			remoteGlobalIDString = 1F37333C2905B3B100192F4D;
			remoteInfo = "Kids And Me";
		};
/* End PBXContainerItemProxy section */

/* Begin PBXFileReference section */
		1F177A5B29071CBB00CA0B0F /* CreatureDto.swift */ = {isa = PBXFileReference; lastKnownFileType = sourcecode.swift; path = CreatureDto.swift; sourceTree = "<group>"; };
		1F177A6029072F6600CA0B0F /* Enums.swift */ = {isa = PBXFileReference; lastKnownFileType = sourcecode.swift; path = Enums.swift; sourceTree = "<group>"; };
		1F177A62290733BC00CA0B0F /* PeopleDto.swift */ = {isa = PBXFileReference; lastKnownFileType = sourcecode.swift; path = PeopleDto.swift; sourceTree = "<group>"; };
		1F177A64290740B700CA0B0F /* AnimalDto.swift */ = {isa = PBXFileReference; lastKnownFileType = sourcecode.swift; path = AnimalDto.swift; sourceTree = "<group>"; };
		1F37333D2905B3B100192F4D /* Kids And Me.app */ = {isa = PBXFileReference; explicitFileType = wrapper.application; includeInIndex = 0; path = "Kids And Me.app"; sourceTree = BUILT_PRODUCTS_DIR; };
		1F3733402905B3B100192F4D /* Kids_And_MeApp.swift */ = {isa = PBXFileReference; lastKnownFileType = sourcecode.swift; path = Kids_And_MeApp.swift; sourceTree = "<group>"; };
		1F3733422905B3B100192F4D /* ContentView.swift */ = {isa = PBXFileReference; lastKnownFileType = sourcecode.swift; path = ContentView.swift; sourceTree = "<group>"; };
		1F3733442905B3B200192F4D /* Assets.xcassets */ = {isa = PBXFileReference; lastKnownFileType = folder.assetcatalog; path = Assets.xcassets; sourceTree = "<group>"; };
		1F3733472905B3B200192F4D /* Preview Assets.xcassets */ = {isa = PBXFileReference; lastKnownFileType = folder.assetcatalog; path = "Preview Assets.xcassets"; sourceTree = "<group>"; };
		1F37334D2905B3B200192F4D /* Kids And MeTests.xctest */ = {isa = PBXFileReference; explicitFileType = wrapper.cfbundle; includeInIndex = 0; path = "Kids And MeTests.xctest"; sourceTree = BUILT_PRODUCTS_DIR; };
		1F3733512905B3B200192F4D /* Kids_And_MeTests.swift */ = {isa = PBXFileReference; lastKnownFileType = sourcecode.swift; path = Kids_And_MeTests.swift; sourceTree = "<group>"; };
		1F3733572905B3B200192F4D /* Kids And MeUITests.xctest */ = {isa = PBXFileReference; explicitFileType = wrapper.cfbundle; includeInIndex = 0; path = "Kids And MeUITests.xctest"; sourceTree = BUILT_PRODUCTS_DIR; };
		1F37335B2905B3B200192F4D /* Kids_And_MeUITests.swift */ = {isa = PBXFileReference; lastKnownFileType = sourcecode.swift; path = Kids_And_MeUITests.swift; sourceTree = "<group>"; };
		1F37335D2905B3B200192F4D /* Kids_And_MeUITestsLaunchTests.swift */ = {isa = PBXFileReference; lastKnownFileType = sourcecode.swift; path = Kids_And_MeUITestsLaunchTests.swift; sourceTree = "<group>"; };
/* End PBXFileReference section */

/* Begin PBXFrameworksBuildPhase section */
		1F37333A2905B3B100192F4D /* Frameworks */ = {
			isa = PBXFrameworksBuildPhase;
			buildActionMask = 2147483647;
			files = (
			);
			runOnlyForDeploymentPostprocessing = 0;
		};
		1F37334A2905B3B200192F4D /* Frameworks */ = {
			isa = PBXFrameworksBuildPhase;
			buildActionMask = 2147483647;
			files = (
			);
			runOnlyForDeploymentPostprocessing = 0;
		};
		1F3733542905B3B200192F4D /* Frameworks */ = {
			isa = PBXFrameworksBuildPhase;
			buildActionMask = 2147483647;
			files = (
			);
			runOnlyForDeploymentPostprocessing = 0;
		};
/* End PBXFrameworksBuildPhase section */

/* Begin PBXGroup section */
		1F177A5D29072C8500CA0B0F /* Model */ = {
			isa = PBXGroup;
			children = (
				1F177A5E29072C8E00CA0B0F /* DTOs */,
			);
			path = Model;
			sourceTree = "<group>";
		};
		1F177A5E29072C8E00CA0B0F /* DTOs */ = {
			isa = PBXGroup;
			children = (
				1F177A5B29071CBB00CA0B0F /* CreatureDto.swift */,
				1F177A62290733BC00CA0B0F /* PeopleDto.swift */,
				1F177A64290740B700CA0B0F /* AnimalDto.swift */,
			);
			path = DTOs;
			sourceTree = "<group>";
		};
		1F177A5F29072F4600CA0B0F /* Utilities */ = {
			isa = PBXGroup;
			children = (
				1F177A6029072F6600CA0B0F /* Enums.swift */,
			);
			path = Utilities;
			sourceTree = "<group>";
		};
		1F3733342905B3B100192F4D = {
			isa = PBXGroup;
			children = (
				1F37333F2905B3B100192F4D /* Kids And Me */,
				1F3733502905B3B200192F4D /* Kids And MeTests */,
				1F37335A2905B3B200192F4D /* Kids And MeUITests */,
				1F37333E2905B3B100192F4D /* Products */,
			);
			sourceTree = "<group>";
		};
		1F37333E2905B3B100192F4D /* Products */ = {
			isa = PBXGroup;
			children = (
				1F37333D2905B3B100192F4D /* Kids And Me.app */,
				1F37334D2905B3B200192F4D /* Kids And MeTests.xctest */,
				1F3733572905B3B200192F4D /* Kids And MeUITests.xctest */,
			);
			name = Products;
			sourceTree = "<group>";
		};
		1F37333F2905B3B100192F4D /* Kids And Me */ = {
			isa = PBXGroup;
			children = (
				1F177A5F29072F4600CA0B0F /* Utilities */,
				1F177A5D29072C8500CA0B0F /* Model */,
				1F3733402905B3B100192F4D /* Kids_And_MeApp.swift */,
				1F3733422905B3B100192F4D /* ContentView.swift */,
				1F3733442905B3B200192F4D /* Assets.xcassets */,
				1F3733462905B3B200192F4D /* Preview Content */,
			);
			path = "Kids And Me";
			sourceTree = "<group>";
		};
		1F3733462905B3B200192F4D /* Preview Content */ = {
			isa = PBXGroup;
			children = (
				1F3733472905B3B200192F4D /* Preview Assets.xcassets */,
			);
			path = "Preview Content";
			sourceTree = "<group>";
		};
		1F3733502905B3B200192F4D /* Kids And MeTests */ = {
			isa = PBXGroup;
			children = (
				1F3733512905B3B200192F4D /* Kids_And_MeTests.swift */,
			);
			path = "Kids And MeTests";
			sourceTree = "<group>";
		};
		1F37335A2905B3B200192F4D /* Kids And MeUITests */ = {
			isa = PBXGroup;
			children = (
				1F37335B2905B3B200192F4D /* Kids_And_MeUITests.swift */,
				1F37335D2905B3B200192F4D /* Kids_And_MeUITestsLaunchTests.swift */,
			);
			path = "Kids And MeUITests";
			sourceTree = "<group>";
		};
/* End PBXGroup section */

/* Begin PBXNativeTarget section */
		1F37333C2905B3B100192F4D /* Kids And Me */ = {
			isa = PBXNativeTarget;
			buildConfigurationList = 1F3733612905B3B200192F4D /* Build configuration list for PBXNativeTarget "Kids And Me" */;
			buildPhases = (
				1F3733392905B3B100192F4D /* Sources */,
				1F37333A2905B3B100192F4D /* Frameworks */,
				1F37333B2905B3B100192F4D /* Resources */,
			);
			buildRules = (
			);
			dependencies = (
			);
			name = "Kids And Me";
			productName = "Kids And Me";
			productReference = 1F37333D2905B3B100192F4D /* Kids And Me.app */;
			productType = "com.apple.product-type.application";
		};
		1F37334C2905B3B200192F4D /* Kids And MeTests */ = {
			isa = PBXNativeTarget;
			buildConfigurationList = 1F3733642905B3B200192F4D /* Build configuration list for PBXNativeTarget "Kids And MeTests" */;
			buildPhases = (
				1F3733492905B3B200192F4D /* Sources */,
				1F37334A2905B3B200192F4D /* Frameworks */,
				1F37334B2905B3B200192F4D /* Resources */,
			);
			buildRules = (
			);
			dependencies = (
				1F37334F2905B3B200192F4D /* PBXTargetDependency */,
			);
			name = "Kids And MeTests";
			productName = "Kids And MeTests";
			productReference = 1F37334D2905B3B200192F4D /* Kids And MeTests.xctest */;
			productType = "com.apple.product-type.bundle.unit-test";
		};
		1F3733562905B3B200192F4D /* Kids And MeUITests */ = {
			isa = PBXNativeTarget;
			buildConfigurationList = 1F3733672905B3B200192F4D /* Build configuration list for PBXNativeTarget "Kids And MeUITests" */;
			buildPhases = (
				1F3733532905B3B200192F4D /* Sources */,
				1F3733542905B3B200192F4D /* Frameworks */,
				1F3733552905B3B200192F4D /* Resources */,
			);
			buildRules = (
			);
			dependencies = (
				1F3733592905B3B200192F4D /* PBXTargetDependency */,
			);
			name = "Kids And MeUITests";
			productName = "Kids And MeUITests";
			productReference = 1F3733572905B3B200192F4D /* Kids And MeUITests.xctest */;
			productType = "com.apple.product-type.bundle.ui-testing";
		};
/* End PBXNativeTarget section */

/* Begin PBXProject section */
		1F3733352905B3B100192F4D /* Project object */ = {
			isa = PBXProject;
			attributes = {
				BuildIndependentTargetsInParallel = 1;
				LastSwiftUpdateCheck = 1400;
				LastUpgradeCheck = 1400;
				TargetAttributes = {
					1F37333C2905B3B100192F4D = {
						CreatedOnToolsVersion = 14.0.1;
					};
					1F37334C2905B3B200192F4D = {
						CreatedOnToolsVersion = 14.0.1;
						TestTargetID = 1F37333C2905B3B100192F4D;
					};
					1F3733562905B3B200192F4D = {
						CreatedOnToolsVersion = 14.0.1;
						TestTargetID = 1F37333C2905B3B100192F4D;
					};
				};
			};
			buildConfigurationList = 1F3733382905B3B100192F4D /* Build configuration list for PBXProject "Kids And Me" */;
			compatibilityVersion = "Xcode 14.0";
			developmentRegion = en;
			hasScannedForEncodings = 0;
			knownRegions = (
				en,
				Base,
			);
			mainGroup = 1F3733342905B3B100192F4D;
			productRefGroup = 1F37333E2905B3B100192F4D /* Products */;
			projectDirPath = "";
			projectRoot = "";
			targets = (
				1F37333C2905B3B100192F4D /* Kids And Me */,
				1F37334C2905B3B200192F4D /* Kids And MeTests */,
				1F3733562905B3B200192F4D /* Kids And MeUITests */,
			);
		};
/* End PBXProject section */

/* Begin PBXResourcesBuildPhase section */
		1F37333B2905B3B100192F4D /* Resources */ = {
			isa = PBXResourcesBuildPhase;
			buildActionMask = 2147483647;
			files = (
				1F3733482905B3B200192F4D /* Preview Assets.xcassets in Resources */,
				1F3733452905B3B200192F4D /* Assets.xcassets in Resources */,
			);
			runOnlyForDeploymentPostprocessing = 0;
		};
		1F37334B2905B3B200192F4D /* Resources */ = {
			isa = PBXResourcesBuildPhase;
			buildActionMask = 2147483647;
			files = (
			);
			runOnlyForDeploymentPostprocessing = 0;
		};
		1F3733552905B3B200192F4D /* Resources */ = {
			isa = PBXResourcesBuildPhase;
			buildActionMask = 2147483647;
			files = (
			);
			runOnlyForDeploymentPostprocessing = 0;
		};
/* End PBXResourcesBuildPhase section */

/* Begin PBXSourcesBuildPhase section */
		1F3733392905B3B100192F4D /* Sources */ = {
			isa = PBXSourcesBuildPhase;
			buildActionMask = 2147483647;
			files = (
				1F3733432905B3B100192F4D /* ContentView.swift in Sources */,
				1F177A63290733BC00CA0B0F /* PeopleDto.swift in Sources */,
				1F3733412905B3B100192F4D /* Kids_And_MeApp.swift in Sources */,
				1F177A6129072F6600CA0B0F /* Enums.swift in Sources */,
				1F177A5C29071CBB00CA0B0F /* CreatureDto.swift in Sources */,
				1F177A65290740B700CA0B0F /* AnimalDto.swift in Sources */,
			);
			runOnlyForDeploymentPostprocessing = 0;
		};
		1F3733492905B3B200192F4D /* Sources */ = {
			isa = PBXSourcesBuildPhase;
			buildActionMask = 2147483647;
			files = (
				1F3733522905B3B200192F4D /* Kids_And_MeTests.swift in Sources */,
			);
			runOnlyForDeploymentPostprocessing = 0;
		};
		1F3733532905B3B200192F4D /* Sources */ = {
			isa = PBXSourcesBuildPhase;
			buildActionMask = 2147483647;
			files = (
				1F37335C2905B3B200192F4D /* Kids_And_MeUITests.swift in Sources */,
				1F37335E2905B3B200192F4D /* Kids_And_MeUITestsLaunchTests.swift in Sources */,
			);
			runOnlyForDeploymentPostprocessing = 0;
		};
/* End PBXSourcesBuildPhase section */

/* Begin PBXTargetDependency section */
		1F37334F2905B3B200192F4D /* PBXTargetDependency */ = {
			isa = PBXTargetDependency;
			target = 1F37333C2905B3B100192F4D /* Kids And Me */;
			targetProxy = 1F37334E2905B3B200192F4D /* PBXContainerItemProxy */;
		};
		1F3733592905B3B200192F4D /* PBXTargetDependency */ = {
			isa = PBXTargetDependency;
			target = 1F37333C2905B3B100192F4D /* Kids And Me */;
			targetProxy = 1F3733582905B3B200192F4D /* PBXContainerItemProxy */;
		};
/* End PBXTargetDependency section */

/* Begin XCBuildConfiguration section */
		1F37335F2905B3B200192F4D /* Debug */ = {
			isa = XCBuildConfiguration;
			buildSettings = {
				ALWAYS_SEARCH_USER_PATHS = NO;
				CLANG_ANALYZER_NONNULL = YES;
				CLANG_ANALYZER_NUMBER_OBJECT_CONVERSION = YES_AGGRESSIVE;
				CLANG_CXX_LANGUAGE_STANDARD = "gnu++20";
				CLANG_ENABLE_MODULES = YES;
				CLANG_ENABLE_OBJC_ARC = YES;
				CLANG_ENABLE_OBJC_WEAK = YES;
				CLANG_WARN_BLOCK_CAPTURE_AUTORELEASING = YES;
				CLANG_WARN_BOOL_CONVERSION = YES;
				CLANG_WARN_COMMA = YES;
				CLANG_WARN_CONSTANT_CONVERSION = YES;
				CLANG_WARN_DEPRECATED_OBJC_IMPLEMENTATIONS = YES;
				CLANG_WARN_DIRECT_OBJC_ISA_USAGE = YES_ERROR;
				CLANG_WARN_DOCUMENTATION_COMMENTS = YES;
				CLANG_WARN_EMPTY_BODY = YES;
				CLANG_WARN_ENUM_CONVERSION = YES;
				CLANG_WARN_INFINITE_RECURSION = YES;
				CLANG_WARN_INT_CONVERSION = YES;
				CLANG_WARN_NON_LITERAL_NULL_CONVERSION = YES;
				CLANG_WARN_OBJC_IMPLICIT_RETAIN_SELF = YES;
				CLANG_WARN_OBJC_LITERAL_CONVERSION = YES;
				CLANG_WARN_OBJC_ROOT_CLASS = YES_ERROR;
				CLANG_WARN_QUOTED_INCLUDE_IN_FRAMEWORK_HEADER = YES;
				CLANG_WARN_RANGE_LOOP_ANALYSIS = YES;
				CLANG_WARN_STRICT_PROTOTYPES = YES;
				CLANG_WARN_SUSPICIOUS_MOVE = YES;
				CLANG_WARN_UNGUARDED_AVAILABILITY = YES_AGGRESSIVE;
				CLANG_WARN_UNREACHABLE_CODE = YES;
				CLANG_WARN__DUPLICATE_METHOD_MATCH = YES;
				COPY_PHASE_STRIP = NO;
				DEBUG_INFORMATION_FORMAT = dwarf;
				ENABLE_STRICT_OBJC_MSGSEND = YES;
				ENABLE_TESTABILITY = YES;
				GCC_C_LANGUAGE_STANDARD = gnu11;
				GCC_DYNAMIC_NO_PIC = NO;
				GCC_NO_COMMON_BLOCKS = YES;
				GCC_OPTIMIZATION_LEVEL = 0;
				GCC_PREPROCESSOR_DEFINITIONS = (
					"DEBUG=1",
					"$(inherited)",
				);
				GCC_WARN_64_TO_32_BIT_CONVERSION = YES;
				GCC_WARN_ABOUT_RETURN_TYPE = YES_ERROR;
				GCC_WARN_UNDECLARED_SELECTOR = YES;
				GCC_WARN_UNINITIALIZED_AUTOS = YES_AGGRESSIVE;
				GCC_WARN_UNUSED_FUNCTION = YES;
				GCC_WARN_UNUSED_VARIABLE = YES;
				IPHONEOS_DEPLOYMENT_TARGET = 16.0;
				MTL_ENABLE_DEBUG_INFO = INCLUDE_SOURCE;
				MTL_FAST_MATH = YES;
				ONLY_ACTIVE_ARCH = YES;
				SDKROOT = iphoneos;
				SWIFT_ACTIVE_COMPILATION_CONDITIONS = DEBUG;
				SWIFT_OPTIMIZATION_LEVEL = "-Onone";
			};
			name = Debug;
		};
		1F3733602905B3B200192F4D /* Release */ = {
			isa = XCBuildConfiguration;
			buildSettings = {
				ALWAYS_SEARCH_USER_PATHS = NO;
				CLANG_ANALYZER_NONNULL = YES;
				CLANG_ANALYZER_NUMBER_OBJECT_CONVERSION = YES_AGGRESSIVE;
				CLANG_CXX_LANGUAGE_STANDARD = "gnu++20";
				CLANG_ENABLE_MODULES = YES;
				CLANG_ENABLE_OBJC_ARC = YES;
				CLANG_ENABLE_OBJC_WEAK = YES;
				CLANG_WARN_BLOCK_CAPTURE_AUTORELEASING = YES;
				CLANG_WARN_BOOL_CONVERSION = YES;
				CLANG_WARN_COMMA = YES;
				CLANG_WARN_CONSTANT_CONVERSION = YES;
				CLANG_WARN_DEPRECATED_OBJC_IMPLEMENTATIONS = YES;
				CLANG_WARN_DIRECT_OBJC_ISA_USAGE = YES_ERROR;
				CLANG_WARN_DOCUMENTATION_COMMENTS = YES;
				CLANG_WARN_EMPTY_BODY = YES;
				CLANG_WARN_ENUM_CONVERSION = YES;
				CLANG_WARN_INFINITE_RECURSION = YES;
				CLANG_WARN_INT_CONVERSION = YES;
				CLANG_WARN_NON_LITERAL_NULL_CONVERSION = YES;
				CLANG_WARN_OBJC_IMPLICIT_RETAIN_SELF = YES;
				CLANG_WARN_OBJC_LITERAL_CONVERSION = YES;
				CLANG_WARN_OBJC_ROOT_CLASS = YES_ERROR;
				CLANG_WARN_QUOTED_INCLUDE_IN_FRAMEWORK_HEADER = YES;
				CLANG_WARN_RANGE_LOOP_ANALYSIS = YES;
				CLANG_WARN_STRICT_PROTOTYPES = YES;
				CLANG_WARN_SUSPICIOUS_MOVE = YES;
				CLANG_WARN_UNGUARDED_AVAILABILITY = YES_AGGRESSIVE;
				CLANG_WARN_UNREACHABLE_CODE = YES;
				CLANG_WARN__DUPLICATE_METHOD_MATCH = YES;
				COPY_PHASE_STRIP = NO;
				DEBUG_INFORMATION_FORMAT = "dwarf-with-dsym";
				ENABLE_NS_ASSERTIONS = NO;
				ENABLE_STRICT_OBJC_MSGSEND = YES;
				GCC_C_LANGUAGE_STANDARD = gnu11;
				GCC_NO_COMMON_BLOCKS = YES;
				GCC_WARN_64_TO_32_BIT_CONVERSION = YES;
				GCC_WARN_ABOUT_RETURN_TYPE = YES_ERROR;
				GCC_WARN_UNDECLARED_SELECTOR = YES;
				GCC_WARN_UNINITIALIZED_AUTOS = YES_AGGRESSIVE;
				GCC_WARN_UNUSED_FUNCTION = YES;
				GCC_WARN_UNUSED_VARIABLE = YES;
				IPHONEOS_DEPLOYMENT_TARGET = 16.0;
				MTL_ENABLE_DEBUG_INFO = NO;
				MTL_FAST_MATH = YES;
				SDKROOT = iphoneos;
				SWIFT_COMPILATION_MODE = wholemodule;
				SWIFT_OPTIMIZATION_LEVEL = "-O";
				VALIDATE_PRODUCT = YES;
			};
			name = Release;
		};
		1F3733622905B3B200192F4D /* Debug */ = {
			isa = XCBuildConfiguration;
			buildSettings = {
				ASSETCATALOG_COMPILER_APPICON_NAME = AppIcon;
				ASSETCATALOG_COMPILER_GLOBAL_ACCENT_COLOR_NAME = AccentColor;
				CODE_SIGN_STYLE = Automatic;
				CURRENT_PROJECT_VERSION = 1;
				DEVELOPMENT_ASSET_PATHS = "\"Kids And Me/Preview Content\"";
				DEVELOPMENT_TEAM = 672238735N;
				ENABLE_PREVIEWS = YES;
				GENERATE_INFOPLIST_FILE = YES;
				INFOPLIST_KEY_UIApplicationSceneManifest_Generation = YES;
				INFOPLIST_KEY_UIApplicationSupportsIndirectInputEvents = YES;
				INFOPLIST_KEY_UILaunchScreen_Generation = YES;
				INFOPLIST_KEY_UISupportedInterfaceOrientations_iPad = "UIInterfaceOrientationPortrait UIInterfaceOrientationPortraitUpsideDown UIInterfaceOrientationLandscapeLeft UIInterfaceOrientationLandscapeRight";
				INFOPLIST_KEY_UISupportedInterfaceOrientations_iPhone = "UIInterfaceOrientationPortrait UIInterfaceOrientationLandscapeLeft UIInterfaceOrientationLandscapeRight";
				LD_RUNPATH_SEARCH_PATHS = (
					"$(inherited)",
					"@executable_path/Frameworks",
				);
				MARKETING_VERSION = 1.0;
				PRODUCT_BUNDLE_IDENTIFIER = "com.busranurok.Kids-And-Me";
				PRODUCT_NAME = "$(TARGET_NAME)";
				SWIFT_EMIT_LOC_STRINGS = YES;
				SWIFT_VERSION = 5.0;
				TARGETED_DEVICE_FAMILY = "1,2";
			};
			name = Debug;
		};
		1F3733632905B3B200192F4D /* Release */ = {
			isa = XCBuildConfiguration;
			buildSettings = {
				ASSETCATALOG_COMPILER_APPICON_NAME = AppIcon;
				ASSETCATALOG_COMPILER_GLOBAL_ACCENT_COLOR_NAME = AccentColor;
				CODE_SIGN_STYLE = Automatic;
				CURRENT_PROJECT_VERSION = 1;
				DEVELOPMENT_ASSET_PATHS = "\"Kids And Me/Preview Content\"";
				DEVELOPMENT_TEAM = 672238735N;
				ENABLE_PREVIEWS = YES;
				GENERATE_INFOPLIST_FILE = YES;
				INFOPLIST_KEY_UIApplicationSceneManifest_Generation = YES;
				INFOPLIST_KEY_UIApplicationSupportsIndirectInputEvents = YES;
				INFOPLIST_KEY_UILaunchScreen_Generation = YES;
				INFOPLIST_KEY_UISupportedInterfaceOrientations_iPad = "UIInterfaceOrientationPortrait UIInterfaceOrientationPortraitUpsideDown UIInterfaceOrientationLandscapeLeft UIInterfaceOrientationLandscapeRight";
				INFOPLIST_KEY_UISupportedInterfaceOrientations_iPhone = "UIInterfaceOrientationPortrait UIInterfaceOrientationLandscapeLeft UIInterfaceOrientationLandscapeRight";
				LD_RUNPATH_SEARCH_PATHS = (
					"$(inherited)",
					"@executable_path/Frameworks",
				);
				MARKETING_VERSION = 1.0;
				PRODUCT_BUNDLE_IDENTIFIER = "com.busranurok.Kids-And-Me";
				PRODUCT_NAME = "$(TARGET_NAME)";
				SWIFT_EMIT_LOC_STRINGS = YES;
				SWIFT_VERSION = 5.0;
				TARGETED_DEVICE_FAMILY = "1,2";
			};
			name = Release;
		};
		1F3733652905B3B200192F4D /* Debug */ = {
			isa = XCBuildConfiguration;
			buildSettings = {
				ALWAYS_EMBED_SWIFT_STANDARD_LIBRARIES = YES;
				BUNDLE_LOADER = "$(TEST_HOST)";
				CODE_SIGN_STYLE = Automatic;
				CURRENT_PROJECT_VERSION = 1;
				DEVELOPMENT_TEAM = 672238735N;
				GENERATE_INFOPLIST_FILE = YES;
				IPHONEOS_DEPLOYMENT_TARGET = 16.0;
				MARKETING_VERSION = 1.0;
				PRODUCT_BUNDLE_IDENTIFIER = "com.busranurok.Kids-And-MeTests";
				PRODUCT_NAME = "$(TARGET_NAME)";
				SWIFT_EMIT_LOC_STRINGS = NO;
				SWIFT_VERSION = 5.0;
				TARGETED_DEVICE_FAMILY = "1,2";
				TEST_HOST = "$(BUILT_PRODUCTS_DIR)/Kids And Me.app/$(BUNDLE_EXECUTABLE_FOLDER_PATH)/Kids And Me";
			};
			name = Debug;
		};
		1F3733662905B3B200192F4D /* Release */ = {
			isa = XCBuildConfiguration;
			buildSettings = {
				ALWAYS_EMBED_SWIFT_STANDARD_LIBRARIES = YES;
				BUNDLE_LOADER = "$(TEST_HOST)";
				CODE_SIGN_STYLE = Automatic;
				CURRENT_PROJECT_VERSION = 1;
				DEVELOPMENT_TEAM = 672238735N;
				GENERATE_INFOPLIST_FILE = YES;
				IPHONEOS_DEPLOYMENT_TARGET = 16.0;
				MARKETING_VERSION = 1.0;
				PRODUCT_BUNDLE_IDENTIFIER = "com.busranurok.Kids-And-MeTests";
				PRODUCT_NAME = "$(TARGET_NAME)";
				SWIFT_EMIT_LOC_STRINGS = NO;
				SWIFT_VERSION = 5.0;
				TARGETED_DEVICE_FAMILY = "1,2";
				TEST_HOST = "$(BUILT_PRODUCTS_DIR)/Kids And Me.app/$(BUNDLE_EXECUTABLE_FOLDER_PATH)/Kids And Me";
			};
			name = Release;
		};
		1F3733682905B3B200192F4D /* Debug */ = {
			isa = XCBuildConfiguration;
			buildSettings = {
				ALWAYS_EMBED_SWIFT_STANDARD_LIBRARIES = YES;
				CODE_SIGN_STYLE = Automatic;
				CURRENT_PROJECT_VERSION = 1;
				DEVELOPMENT_TEAM = 672238735N;
				GENERATE_INFOPLIST_FILE = YES;
				MARKETING_VERSION = 1.0;
				PRODUCT_BUNDLE_IDENTIFIER = "com.busranurok.Kids-And-MeUITests";
				PRODUCT_NAME = "$(TARGET_NAME)";
				SWIFT_EMIT_LOC_STRINGS = NO;
				SWIFT_VERSION = 5.0;
				TARGETED_DEVICE_FAMILY = "1,2";
				TEST_TARGET_NAME = "Kids And Me";
			};
			name = Debug;
		};
		1F3733692905B3B200192F4D /* Release */ = {
			isa = XCBuildConfiguration;
			buildSettings = {
				ALWAYS_EMBED_SWIFT_STANDARD_LIBRARIES = YES;
				CODE_SIGN_STYLE = Automatic;
				CURRENT_PROJECT_VERSION = 1;
				DEVELOPMENT_TEAM = 672238735N;
				GENERATE_INFOPLIST_FILE = YES;
				MARKETING_VERSION = 1.0;
				PRODUCT_BUNDLE_IDENTIFIER = "com.busranurok.Kids-And-MeUITests";
				PRODUCT_NAME = "$(TARGET_NAME)";
				SWIFT_EMIT_LOC_STRINGS = NO;
				SWIFT_VERSION = 5.0;
				TARGETED_DEVICE_FAMILY = "1,2";
				TEST_TARGET_NAME = "Kids And Me";
			};
			name = Release;
		};
/* End XCBuildConfiguration section */

/* Begin XCConfigurationList section */
		1F3733382905B3B100192F4D /* Build configuration list for PBXProject "Kids And Me" */ = {
			isa = XCConfigurationList;
			buildConfigurations = (
				1F37335F2905B3B200192F4D /* Debug */,
				1F3733602905B3B200192F4D /* Release */,
			);
			defaultConfigurationIsVisible = 0;
			defaultConfigurationName = Release;
		};
		1F3733612905B3B200192F4D /* Build configuration list for PBXNativeTarget "Kids And Me" */ = {
			isa = XCConfigurationList;
			buildConfigurations = (
				1F3733622905B3B200192F4D /* Debug */,
				1F3733632905B3B200192F4D /* Release */,
			);
			defaultConfigurationIsVisible = 0;
			defaultConfigurationName = Release;
		};
		1F3733642905B3B200192F4D /* Build configuration list for PBXNativeTarget "Kids And MeTests" */ = {
			isa = XCConfigurationList;
			buildConfigurations = (
				1F3733652905B3B200192F4D /* Debug */,
				1F3733662905B3B200192F4D /* Release */,
			);
			defaultConfigurationIsVisible = 0;
			defaultConfigurationName = Release;
		};
		1F3733672905B3B200192F4D /* Build configuration list for PBXNativeTarget "Kids And MeUITests" */ = {
			isa = XCConfigurationList;
			buildConfigurations = (
				1F3733682905B3B200192F4D /* Debug */,
				1F3733692905B3B200192F4D /* Release */,
			);
			defaultConfigurationIsVisible = 0;
			defaultConfigurationName = Release;
		};
/* End XCConfigurationList section */
	};
	rootObject = 1F3733352905B3B100192F4D /* Project object */;
}
